
Microsoft Visual Studio Solution File, Format Version 12.00
# Visual Studio Version 16
VisualStudioVersion = 16.0.29326.143
MinimumVisualStudioVersion = 10.0.40219.1
Project("{FAE04EC0-301F-11D3-BF4B-00C04F79EFBC}") = "BookManagement", "BookManagement\BookManagement.csproj", "{D49D4729-1216-43D9-BD98-1330659DD949}"
EndProject
Global
	GlobalSection(SolutionConfigurationPlatforms) = preSolution
		Debug|Any CPU = Debug|Any CPU
		Release|Any CPU = Release|Any CPU
	EndGlobalSection
	GlobalSection(ProjectConfigurationPlatforms) = postSolution
		{D49D4729-1216-43D9-BD98-1330659DD949}.Debug|Any CPU.ActiveCfg = Debug|Any CPU
		{D49D4729-1216-43D9-BD98-1330659DD949}.Debug|Any CPU.Build.0 = Debug|Any CPU
		{D49D4729-1216-43D9-BD98-1330659DD949}.Release|Any CPU.ActiveCfg = Release|Any CPU
		{D49D4729-1216-43D9-BD98-1330659DD949}.Release|Any CPU.Build.0 = Release|Any CPU
	EndGlobalSection
	GlobalSection(SolutionProperties) = preSolution
		HideSolutionNode = FALSE
	EndGlobalSection
	GlobalSection(ExtensibilityGlobals) = postSolution
		SolutionGuid = {BB074EA7-8137-47EF-876E-498A122F7C2D}
	EndGlobalSection
EndGlobal
